
Microsoft Visual Studio Solution File, Format Version 12.00
# Visual Studio Version 17
VisualStudioVersion = 17.4.33205.214
MinimumVisualStudioVersion = 10.0.40219.1
Project("{9A19103F-16F7-4668-BE54-9A1E7A4F7556}") = "Simsa.Blazor.Server", "src\Simsa.Blazor.Server\Simsa.Blazor.Server.csproj", "{B0DC9075-2923-49D5-9BC1-7B68D17EFE81}"
EndProject
Project("{9A19103F-16F7-4668-BE54-9A1E7A4F7556}") = "Simsa.Blazor.Client", "src\Simsa.Blazor.Client\Simsa.Blazor.Client.csproj", "{AF87BE03-298E-4CC2-BA06-853B19CE7CDB}"
EndProject
Project("{9A19103F-16F7-4668-BE54-9A1E7A4F7556}") = "Simsa.Blazor.Shared", "src\Simsa.Blazor.Shared\Simsa.Blazor.Shared.csproj", "{D461E73B-5E2E-4871-AF12-0FEBB1A5D7F7}"
EndProject
Project("{2150E333-8FDC-42A3-9474-1A3956D46DE8}") = "SolutionFiles", "SolutionFiles", "{B01E1C37-9EA0-4517-8659-7088C9690FEA}"
	ProjectSection(SolutionItems) = preProject
		LICENSE = LICENSE
		README.md = README.md
		Simsa.sln.DotSettings = Simsa.sln.DotSettings
		stylecop.ruleset = stylecop.ruleset
	EndProjectSection
EndProject
Project("{9A19103F-16F7-4668-BE54-9A1E7A4F7556}") = "Simsa.Blazor.Library", "src\Simsa.Blazor.Library\Simsa.Blazor.Library.csproj", "{79020E8B-BBDE-4B1D-B3E6-B951B7D71795}"
EndProject
Global
	GlobalSection(SolutionConfigurationPlatforms) = preSolution
		Debug|Any CPU = Debug|Any CPU
		Release|Any CPU = Release|Any CPU
	EndGlobalSection
	GlobalSection(ProjectConfigurationPlatforms) = postSolution
		{B0DC9075-2923-49D5-9BC1-7B68D17EFE81}.Debug|Any CPU.ActiveCfg = Debug|Any CPU
		{B0DC9075-2923-49D5-9BC1-7B68D17EFE81}.Debug|Any CPU.Build.0 = Debug|Any CPU
		{B0DC9075-2923-49D5-9BC1-7B68D17EFE81}.Release|Any CPU.ActiveCfg = Release|Any CPU
		{B0DC9075-2923-49D5-9BC1-7B68D17EFE81}.Release|Any CPU.Build.0 = Release|Any CPU
		{AF87BE03-298E-4CC2-BA06-853B19CE7CDB}.Debug|Any CPU.ActiveCfg = Debug|Any CPU
		{AF87BE03-298E-4CC2-BA06-853B19CE7CDB}.Debug|Any CPU.Build.0 = Debug|Any CPU
		{AF87BE03-298E-4CC2-BA06-853B19CE7CDB}.Release|Any CPU.ActiveCfg = Release|Any CPU
		{AF87BE03-298E-4CC2-BA06-853B19CE7CDB}.Release|Any CPU.Build.0 = Release|Any CPU
		{D461E73B-5E2E-4871-AF12-0FEBB1A5D7F7}.Debug|Any CPU.ActiveCfg = Debug|Any CPU
		{D461E73B-5E2E-4871-AF12-0FEBB1A5D7F7}.Debug|Any CPU.Build.0 = Debug|Any CPU
		{D461E73B-5E2E-4871-AF12-0FEBB1A5D7F7}.Release|Any CPU.ActiveCfg = Release|Any CPU
		{D461E73B-5E2E-4871-AF12-0FEBB1A5D7F7}.Release|Any CPU.Build.0 = Release|Any CPU
		{79020E8B-BBDE-4B1D-B3E6-B951B7D71795}.Debug|Any CPU.ActiveCfg = Debug|Any CPU
		{79020E8B-BBDE-4B1D-B3E6-B951B7D71795}.Debug|Any CPU.Build.0 = Debug|Any CPU
		{79020E8B-BBDE-4B1D-B3E6-B951B7D71795}.Release|Any CPU.ActiveCfg = Release|Any CPU
		{79020E8B-BBDE-4B1D-B3E6-B951B7D71795}.Release|Any CPU.Build.0 = Release|Any CPU
	EndGlobalSection
	GlobalSection(SolutionProperties) = preSolution
		HideSolutionNode = FALSE
	EndGlobalSection
	GlobalSection(ExtensibilityGlobals) = postSolution
		SolutionGuid = {DF08AA50-53AE-4AD1-B8EE-8CDCF869021A}
	EndGlobalSection
EndGlobal
