
Microsoft Visual Studio Solution File, Format Version 12.00
# Visual Studio Version 17
VisualStudioVersion = 17.10.34804.81
MinimumVisualStudioVersion = 10.0.40219.1
Project("{9A19103F-16F7-4668-BE54-9A1E7A4F7556}") = "Simsa", "src\Simsa\Simsa.csproj", "{199402A1-0F7C-4F37-9BEF-9CCA1D2F6839}"
EndProject
Project("{9A19103F-16F7-4668-BE54-9A1E7A4F7556}") = "Simsa.Wasm", "src\Simsa.Wasm\Simsa.Wasm.csproj", "{77695CC0-1DDC-4A04-87DA-05105F9E149D}"
EndProject
Project("{2150E333-8FDC-42A3-9474-1A3956D46DE8}") = "Solution Items", "Solution Items", "{F37655B4-D8D2-423B-8501-707B56E44AC3}"
	ProjectSection(SolutionItems) = preProject
		package-lock.json = package-lock.json
		package.json = package.json
		tailwind.config.js = tailwind.config.js
	EndProjectSection
EndProject
Project("{9A19103F-16F7-4668-BE54-9A1E7A4F7556}") = "Simsa.Model", "src\Simsa.Model\Simsa.Model.csproj", "{C2BAF075-8666-41F5-9A44-146C0FA6E166}"
EndProject
Project("{9A19103F-16F7-4668-BE54-9A1E7A4F7556}") = "Simsa.Ui", "src\Simsa.Ui\Simsa.Ui.csproj", "{F1A39300-DA21-4E3E-ADF1-67650D57117B}"
EndProject
Project("{9A19103F-16F7-4668-BE54-9A1E7A4F7556}") = "Simsa.Interfaces", "src\Simsa.Interfaces\Simsa.Interfaces.csproj", "{3D9F15A8-08D2-4BF6-A470-7857C3B59BEB}"
EndProject
Project("{9A19103F-16F7-4668-BE54-9A1E7A4F7556}") = "Simsa.Persistence", "src\Simsa.Persistence\Simsa.Persistence.csproj", "{3CFC9FAF-0FC2-4522-9378-E3B5ED46F627}"
EndProject
Project("{FAE04EC0-301F-11D3-BF4B-00C04F79EFBC}") = "Simsa.DataGenerator", "src\Simsa.DataGenerator\Simsa.DataGenerator.csproj", "{2D7B5B23-4C11-4DDF-83F3-AB7C527EB919}"
EndProject
Global
	GlobalSection(SolutionConfigurationPlatforms) = preSolution
		Debug|Any CPU = Debug|Any CPU
		Release|Any CPU = Release|Any CPU
	EndGlobalSection
	GlobalSection(ProjectConfigurationPlatforms) = postSolution
		{199402A1-0F7C-4F37-9BEF-9CCA1D2F6839}.Debug|Any CPU.ActiveCfg = Debug|Any CPU
		{199402A1-0F7C-4F37-9BEF-9CCA1D2F6839}.Debug|Any CPU.Build.0 = Debug|Any CPU
		{199402A1-0F7C-4F37-9BEF-9CCA1D2F6839}.Release|Any CPU.ActiveCfg = Release|Any CPU
		{199402A1-0F7C-4F37-9BEF-9CCA1D2F6839}.Release|Any CPU.Build.0 = Release|Any CPU
		{77695CC0-1DDC-4A04-87DA-05105F9E149D}.Debug|Any CPU.ActiveCfg = Debug|Any CPU
		{77695CC0-1DDC-4A04-87DA-05105F9E149D}.Debug|Any CPU.Build.0 = Debug|Any CPU
		{77695CC0-1DDC-4A04-87DA-05105F9E149D}.Release|Any CPU.ActiveCfg = Release|Any CPU
		{77695CC0-1DDC-4A04-87DA-05105F9E149D}.Release|Any CPU.Build.0 = Release|Any CPU
		{C2BAF075-8666-41F5-9A44-146C0FA6E166}.Debug|Any CPU.ActiveCfg = Debug|Any CPU
		{C2BAF075-8666-41F5-9A44-146C0FA6E166}.Debug|Any CPU.Build.0 = Debug|Any CPU
		{C2BAF075-8666-41F5-9A44-146C0FA6E166}.Release|Any CPU.ActiveCfg = Release|Any CPU
		{C2BAF075-8666-41F5-9A44-146C0FA6E166}.Release|Any CPU.Build.0 = Release|Any CPU
		{F1A39300-DA21-4E3E-ADF1-67650D57117B}.Debug|Any CPU.ActiveCfg = Debug|Any CPU
		{F1A39300-DA21-4E3E-ADF1-67650D57117B}.Debug|Any CPU.Build.0 = Debug|Any CPU
		{F1A39300-DA21-4E3E-ADF1-67650D57117B}.Release|Any CPU.ActiveCfg = Release|Any CPU
		{F1A39300-DA21-4E3E-ADF1-67650D57117B}.Release|Any CPU.Build.0 = Release|Any CPU
		{3D9F15A8-08D2-4BF6-A470-7857C3B59BEB}.Debug|Any CPU.ActiveCfg = Debug|Any CPU
		{3D9F15A8-08D2-4BF6-A470-7857C3B59BEB}.Debug|Any CPU.Build.0 = Debug|Any CPU
		{3D9F15A8-08D2-4BF6-A470-7857C3B59BEB}.Release|Any CPU.ActiveCfg = Release|Any CPU
		{3D9F15A8-08D2-4BF6-A470-7857C3B59BEB}.Release|Any CPU.Build.0 = Release|Any CPU
		{3CFC9FAF-0FC2-4522-9378-E3B5ED46F627}.Debug|Any CPU.ActiveCfg = Debug|Any CPU
		{3CFC9FAF-0FC2-4522-9378-E3B5ED46F627}.Debug|Any CPU.Build.0 = Debug|Any CPU
		{3CFC9FAF-0FC2-4522-9378-E3B5ED46F627}.Release|Any CPU.ActiveCfg = Release|Any CPU
		{3CFC9FAF-0FC2-4522-9378-E3B5ED46F627}.Release|Any CPU.Build.0 = Release|Any CPU
		{2D7B5B23-4C11-4DDF-83F3-AB7C527EB919}.Debug|Any CPU.ActiveCfg = Debug|Any CPU
		{2D7B5B23-4C11-4DDF-83F3-AB7C527EB919}.Debug|Any CPU.Build.0 = Debug|Any CPU
		{2D7B5B23-4C11-4DDF-83F3-AB7C527EB919}.Release|Any CPU.ActiveCfg = Release|Any CPU
		{2D7B5B23-4C11-4DDF-83F3-AB7C527EB919}.Release|Any CPU.Build.0 = Release|Any CPU
	EndGlobalSection
	GlobalSection(SolutionProperties) = preSolution
		HideSolutionNode = FALSE
	EndGlobalSection
	GlobalSection(ExtensibilityGlobals) = postSolution
		SolutionGuid = {681CC034-6440-473B-918E-DCB384974046}
	EndGlobalSection
EndGlobal
